version = 1
revision = 2
requires-python = ">=3.11"

[[package]]
name = "cachecontrol"
version = "0.14.1"
source = { registry = "https://pypi.org/simple" }
dependencies = [
    { name = "msgpack" },
    { name = "requests" },
]
sdist = { url = "https://files.pythonhosted.org/packages/d2/23/cachecontrol-0.14.1.tar.gz", hash = "sha256:06ef916a1e4eb7dba9948cdfc9c76e749db2e02104a9a1277e8b642591a0f717", size = 28928 }
wheels = [
    { url = "https://files.pythonhosted.org/packages/f1/aa/cachecontrol-0.14.1-py3-none-any.whl", hash = "sha256:65e3abd62b06382ce3894df60dde9e0deb92aeb734724f68fa4f3b91e97206b9", size = 22085 },
]

[package.optional-dependencies]
filecache = [
    { name = "filelock" },
]

[[package]]
name = "msgpack"
version = "1.1.0"
source = { registry = "https://pypi.org/simple" }
sdist = { url = "https://files.pythonhosted.org/packages/cb/d0/msgpack-1.1.0.tar.gz", hash = "sha256:dd432ccc2c72b914e4cb77afce64aab761c1137cc698be3984eee260bcb2896e", size = 167260 }
wheels = [
    { url = "https://files.pythonhosted.org/packages/4b/f9/msgpack-1.1.0-cp311-cp311-manylinux_2_17_x86_64.whl", hash = "sha256:7ad442d527a7e358a469faf43fda45aaf4ac3249c8310a82f0ccff9164e5dccd", size = 401417 },
]

[[package]]
name = "requests"
version = "2.32.3"
source = { registry = "https://pypi.org/simple" }
dependencies = [
    { name = "certifi" },
]
sdist = { url = "https://files.pythonhosted.org/packages/63/70/requests-2.32.3.tar.gz", hash = "sha256:55365417734eb18255590a9ff9eb97e9e1da868d4ccd6402399eaf68af20a760", size = 131218 }
wheels = [
    { url = "https://files.pythonhosted.org/packages/f9/9b/requests-2.32.3-py3-none-any.whl", hash = "sha256:70761cfe03c773ceb22aa2f671b4757976145175cdfca038c02654d061d6dcc6", size = 64928 },
]

[[package]]
name = "certifi"
version = "2024.8.30"
source = { registry = "https://pypi.org/simple" }
sdist = { url = "https://files.pythonhosted.org/packages/b0/ee/certifi-2024.8.30.tar.gz", hash = "sha256:bec941d2aa8195e248a60b31ff9f0558284cf01a52591ceda73ea9afffd69fd9", size = 168507 }
wheels = [
    { url = "https://files.pythonhosted.org/packages/12/90/certifi-2024.8.30-py3-none-any.whl", hash = "sha256:922820b53db7a7257ffbda3f597266d435245903d80737e34f8a45ff3e3230d8", size = 167321 },
]
